
Microsoft Visual Studio Solution File, Format Version 12.00
# Visual Studio Version 16
VisualStudioVersion = 16.0.31702.278
MinimumVisualStudioVersion = 10.0.40219.1
Project("{FAE04EC0-301F-11D3-BF4B-00C04F79EFBC}") = "DAL", "DAL\DAL.csproj", "{07E8E4E0-C346-4F36-B2B3-6C160C2EE8E7}"
EndProject
Project("{FAE04EC0-301F-11D3-BF4B-00C04F79EFBC}") = "BLL", "BLL\BLL.csproj", "{FEF21B66-D4A3-4293-8F67-CCF5AD6A5193}"
EndProject
Project("{FAE04EC0-301F-11D3-BF4B-00C04F79EFBC}") = "PresentationLayer", "PresentationLayer\PresentationLayer.csproj", "{2D0AD423-172C-47A9-A518-F08457F64791}"
EndProject
Global
	GlobalSection(SolutionConfigurationPlatforms) = preSolution
		Debug|Any CPU = Debug|Any CPU
		Release|Any CPU = Release|Any CPU
	EndGlobalSection
	GlobalSection(ProjectConfigurationPlatforms) = postSolution
		{07E8E4E0-C346-4F36-B2B3-6C160C2EE8E7}.Debug|Any CPU.ActiveCfg = Debug|Any CPU
		{07E8E4E0-C346-4F36-B2B3-6C160C2EE8E7}.Debug|Any CPU.Build.0 = Debug|Any CPU
		{07E8E4E0-C346-4F36-B2B3-6C160C2EE8E7}.Release|Any CPU.ActiveCfg = Release|Any CPU
		{07E8E4E0-C346-4F36-B2B3-6C160C2EE8E7}.Release|Any CPU.Build.0 = Release|Any CPU
		{FEF21B66-D4A3-4293-8F67-CCF5AD6A5193}.Debug|Any CPU.ActiveCfg = Debug|Any CPU
		{FEF21B66-D4A3-4293-8F67-CCF5AD6A5193}.Debug|Any CPU.Build.0 = Debug|Any CPU
		{FEF21B66-D4A3-4293-8F67-CCF5AD6A5193}.Release|Any CPU.ActiveCfg = Release|Any CPU
		{FEF21B66-D4A3-4293-8F67-CCF5AD6A5193}.Release|Any CPU.Build.0 = Release|Any CPU
		{2D0AD423-172C-47A9-A518-F08457F64791}.Debug|Any CPU.ActiveCfg = Debug|Any CPU
		{2D0AD423-172C-47A9-A518-F08457F64791}.Debug|Any CPU.Build.0 = Debug|Any CPU
		{2D0AD423-172C-47A9-A518-F08457F64791}.Release|Any CPU.ActiveCfg = Release|Any CPU
		{2D0AD423-172C-47A9-A518-F08457F64791}.Release|Any CPU.Build.0 = Release|Any CPU
	EndGlobalSection
	GlobalSection(SolutionProperties) = preSolution
		HideSolutionNode = FALSE
	EndGlobalSection
	GlobalSection(ExtensibilityGlobals) = postSolution
		SolutionGuid = {575BF7AC-E739-4436-87B8-F3C36B5769E7}
	EndGlobalSection
EndGlobal
